Microsoft Visual Studio Solution File, Format Version 12.00
# Visual Studio Version 17
VisualStudioVersion = 17.5.2.0
MinimumVisualStudioVersion = 10.0.40219.1
Project("{FAE04EC0-301F-11D3-BF4B-00C04F79EFBC}") = "LeetCodeSln", "LeetCodeSln.csproj", "{9C11BEF4-A027-B521-418A-5A28CCEFC91C}"
EndProject
Global
	GlobalSection(SolutionConfigurationPlatforms) = preSolution
		Debug|Any CPU = Debug|Any CPU
		Release|Any CPU = Release|Any CPU
	EndGlobalSection
	GlobalSection(ProjectConfigurationPlatforms) = postSolution
		{9C11BEF4-A027-B521-418A-5A28CCEFC91C}.Debug|Any CPU.ActiveCfg = Debug|Any CPU
		{9C11BEF4-A027-B521-418A-5A28CCEFC91C}.Debug|Any CPU.Build.0 = Debug|Any CPU
		{9C11BEF4-A027-B521-418A-5A28CCEFC91C}.Release|Any CPU.ActiveCfg = Release|Any CPU
		{9C11BEF4-A027-B521-418A-5A28CCEFC91C}.Release|Any CPU.Build.0 = Release|Any CPU
	EndGlobalSection
	GlobalSection(SolutionProperties) = preSolution
		HideSolutionNode = FALSE
	EndGlobalSection
	GlobalSection(ExtensibilityGlobals) = postSolution
		SolutionGuid = {C469529C-6989-4CE5-A203-67D39E1A0802}
	EndGlobalSection
EndGlobal
